// !$*UTF8*$!
{
	archiveVersion = 1;
	classes = {
	};
	objectVersion = 56;
	objects = {

/* Begin PBXBuildFile section */
		A10000000000000000000001 /* GruMDApp.swift in Sources */ = {isa = PBXBuildFile; fileRef = A20000000000000000000001 /* GruMDApp.swift */; };
		A10000000000000000000002 /* MarkdownDocument.swift in Sources */ = {isa = PBXBuildFile; fileRef = A20000000000000000000002 /* MarkdownDocument.swift */; };
		A10000000000000000000003 /* EditorView.swift in Sources */ = {isa = PBXBuildFile; fileRef = A20000000000000000000003 /* EditorView.swift */; };
		A10000000000000000000004 /* MarkdownPreview.swift in Sources */ = {isa = PBXBuildFile; fileRef = A20000000000000000000004 /* MarkdownPreview.swift */; };
		A10000000000000000000005 /* FileWatcher.swift in Sources */ = {isa = PBXBuildFile; fileRef = A20000000000000000000005 /* FileWatcher.swift */; };
		A10000000000000000000006 /* LayoutMode.swift in Sources */ = {isa = PBXBuildFile; fileRef = A20000000000000000000006 /* LayoutMode.swift */; };
		A1000000000000000000000C /* Theme.swift in Sources */ = {isa = PBXBuildFile; fileRef = A2000000000000000000000C /* Theme.swift */; };
		A10000000000000000000007 /* Assets.xcassets in Resources */ = {isa = PBXBuildFile; fileRef = A20000000000000000000007 /* Assets.xcassets */; };
		A10000000000000000000008 /* marked.min.js in Resources */ = {isa = PBXBuildFile; fileRef = A20000000000000000000008 /* marked.min.js */; };
		A10000000000000000000009 /* preview.css in Resources */ = {isa = PBXBuildFile; fileRef = A20000000000000000000009 /* preview.css */; };
		A1000000000000000000000D /* FindReplaceBar.swift in Sources */ = {isa = PBXBuildFile; fileRef = A2000000000000000000000D /* FindReplaceBar.swift */; };
		A1000000000000000000000E /* FindReplaceSupport.swift in Sources */ = {isa = PBXBuildFile; fileRef = A2000000000000000000000E /* FindReplaceSupport.swift */; };
		A1000000000000000000000F /* MarkdownOutline.swift in Sources */ = {isa = PBXBuildFile; fileRef = A2000000000000000000000F /* MarkdownOutline.swift */; };
		A10000000000000000000010 /* MarkdownHTML.swift in Sources */ = {isa = PBXBuildFile; fileRef = A20000000000000000000010 /* MarkdownHTML.swift */; };
		A10000000000000000000011 /* PrintSupport.swift in Sources */ = {isa = PBXBuildFile; fileRef = A20000000000000000000011 /* PrintSupport.swift */; };
/* End PBXBuildFile section */

/* Begin PBXFileReference section */
		A20000000000000000000001 /* GruMDApp.swift */ = {isa = PBXFileReference; lastKnownFileType = sourcecode.swift; path = GruMDApp.swift; sourceTree = "<group>"; };
		A20000000000000000000002 /* MarkdownDocument.swift */ = {isa = PBXFileReference; lastKnownFileType = sourcecode.swift; path = MarkdownDocument.swift; sourceTree = "<group>"; };
		A20000000000000000000003 /* EditorView.swift */ = {isa = PBXFileReference; lastKnownFileType = sourcecode.swift; path = EditorView.swift; sourceTree = "<group>"; };
		A20000000000000000000004 /* MarkdownPreview.swift */ = {isa = PBXFileReference; lastKnownFileType = sourcecode.swift; path = MarkdownPreview.swift; sourceTree = "<group>"; };
		A20000000000000000000005 /* FileWatcher.swift */ = {isa = PBXFileReference; lastKnownFileType = sourcecode.swift; path = FileWatcher.swift; sourceTree = "<group>"; };
		A20000000000000000000006 /* LayoutMode.swift */ = {isa = PBXFileReference; lastKnownFileType = sourcecode.swift; path = LayoutMode.swift; sourceTree = "<group>"; };
		A2000000000000000000000C /* Theme.swift */ = {isa = PBXFileReference; lastKnownFileType = sourcecode.swift; path = Theme.swift; sourceTree = "<group>"; };
		A20000000000000000000007 /* Assets.xcassets */ = {isa = PBXFileReference; lastKnownFileType = folder.assetcatalog; path = Assets.xcassets; sourceTree = "<group>"; };
		A20000000000000000000008 /* marked.min.js */ = {isa = PBXFileReference; lastKnownFileType = sourcecode.javascript; path = marked.min.js; sourceTree = "<group>"; };
		A20000000000000000000009 /* preview.css */ = {isa = PBXFileReference; lastKnownFileType = text.css; path = preview.css; sourceTree = "<group>"; };
		A2000000000000000000000A /* Info.plist */ = {isa = PBXFileReference; lastKnownFileType = text.plist.xml; path = Info.plist; sourceTree = "<group>"; };
		A2000000000000000000000B /* GruMD.entitlements */ = {isa = PBXFileReference; lastKnownFileType = text.plist.entitlements; path = GruMD.entitlements; sourceTree = "<group>"; };
		A30000000000000000000001 /* GruMD.app */ = {isa = PBXFileReference; explicitFileType = wrapper.application; includeInIndex = 0; path = GruMD.app; sourceTree = BUILT_PRODUCTS_DIR; };
		A2000000000000000000000D /* FindReplaceBar.swift */ = {isa = PBXFileReference; lastKnownFileType = sourcecode.swift; path = FindReplaceBar.swift; sourceTree = "<group>"; };
		A2000000000000000000000E /* FindReplaceSupport.swift */ = {isa = PBXFileReference; lastKnownFileType = sourcecode.swift; path = FindReplaceSupport.swift; sourceTree = "<group>"; };
		A2000000000000000000000F /* MarkdownOutline.swift */ = {isa = PBXFileReference; lastKnownFileType = sourcecode.swift; path = MarkdownOutline.swift; sourceTree = "<group>"; };
		A20000000000000000000010 /* MarkdownHTML.swift */ = {isa = PBXFileReference; lastKnownFileType = sourcecode.swift; path = MarkdownHTML.swift; sourceTree = "<group>"; };
		A20000000000000000000011 /* PrintSupport.swift */ = {isa = PBXFileReference; lastKnownFileType = sourcecode.swift; path = PrintSupport.swift; sourceTree = "<group>"; };
/* End PBXFileReference section */

/* Begin PBXFrameworksBuildPhase section */
		A40000000000000000000001 /* Frameworks */ = {
			isa = PBXFrameworksBuildPhase;
			buildActionMask = 2147483647;
			files = (
			);
			runOnlyForDeploymentPostprocessing = 0;
		};
/* End PBXFrameworksBuildPhase section */

/* Begin PBXGroup section */
		A50000000000000000000001 = {
			isa = PBXGroup;
			children = (
				A50000000000000000000002 /* GruMD */,
				A50000000000000000000004 /* Products */,
			);
			sourceTree = "<group>";
		};
		A50000000000000000000002 /* GruMD */ = {
			isa = PBXGroup;
			children = (
				A20000000000000000000001 /* GruMDApp.swift */,
				A20000000000000000000002 /* MarkdownDocument.swift */,
				A20000000000000000000003 /* EditorView.swift */,
				A20000000000000000000004 /* MarkdownPreview.swift */,
				A20000000000000000000005 /* FileWatcher.swift */,
				A20000000000000000000006 /* LayoutMode.swift */,
				A2000000000000000000000C /* Theme.swift */,
				A20000000000000000000011 /* PrintSupport.swift */,
				A20000000000000000000010 /* MarkdownHTML.swift */,
				A2000000000000000000000F /* MarkdownOutline.swift */,
				A2000000000000000000000E /* FindReplaceSupport.swift */,
				A2000000000000000000000D /* FindReplaceBar.swift */,
				A20000000000000000000007 /* Assets.xcassets */,
				A50000000000000000000003 /* Resources */,
				A2000000000000000000000A /* Info.plist */,
				A2000000000000000000000B /* GruMD.entitlements */,
			);
			path = GruMD;
			sourceTree = "<group>";
		};
		A50000000000000000000003 /* Resources */ = {
			isa = PBXGroup;
			children = (
				A20000000000000000000008 /* marked.min.js */,
				A20000000000000000000009 /* preview.css */,
			);
			path = Resources;
			sourceTree = "<group>";
		};
		A50000000000000000000004 /* Products */ = {
			isa = PBXGroup;
			children = (
				A30000000000000000000001 /* GruMD.app */,
			);
			name = Products;
			sourceTree = "<group>";
		};
/* End PBXGroup section */

/* Begin PBXNativeTarget section */
		A60000000000000000000001 /* GruMD */ = {
			isa = PBXNativeTarget;
			buildConfigurationList = A80000000000000000000003 /* Build configuration list for PBXNativeTarget "GruMD" */;
			buildPhases = (
				A70000000000000000000001 /* Sources */,
				A40000000000000000000001 /* Frameworks */,
				A70000000000000000000002 /* Resources */,
			);
			buildRules = (
			);
			dependencies = (
			);
			name = GruMD;
			productName = GruMD;
			productReference = A30000000000000000000001 /* GruMD.app */;
			productType = "com.apple.product-type.application";
		};
/* End PBXNativeTarget section */

/* Begin PBXProject section */
		A90000000000000000000001 /* Project object */ = {
			isa = PBXProject;
			attributes = {
				BuildIndependentTargetsInParallel = 1;
				LastSwiftUpdateCheck = 1510;
				LastUpgradeCheck = 1510;
				TargetAttributes = {
					A60000000000000000000001 = {
						CreatedOnToolsVersion = 15.1;
					};
				};
			};
			buildConfigurationList = A80000000000000000000001 /* Build configuration list for PBXProject "GruMD" */;
			compatibilityVersion = "Xcode 14.0";
			developmentRegion = en;
			hasScannedForEncodings = 0;
			knownRegions = (
				en,
				Base,
			);
			mainGroup = A50000000000000000000001;
			productRefGroup = A50000000000000000000004 /* Products */;
			projectDirPath = "";
			projectRoot = "";
			targets = (
				A60000000000000000000001 /* GruMD */,
			);
		};
/* End PBXProject section */

/* Begin PBXResourcesBuildPhase section */
		A70000000000000000000002 /* Resources */ = {
			isa = PBXResourcesBuildPhase;
			buildActionMask = 2147483647;
			files = (
				A10000000000000000000007 /* Assets.xcassets in Resources */,
				A10000000000000000000008 /* marked.min.js in Resources */,
				A10000000000000000000009 /* preview.css in Resources */,
			);
			runOnlyForDeploymentPostprocessing = 0;
		};
/* End PBXResourcesBuildPhase section */

/* Begin PBXSourcesBuildPhase section */
		A70000000000000000000001 /* Sources */ = {
			isa = PBXSourcesBuildPhase;
			buildActionMask = 2147483647;
			files = (
				A10000000000000000000001 /* GruMDApp.swift in Sources */,
				A10000000000000000000002 /* MarkdownDocument.swift in Sources */,
				A10000000000000000000003 /* EditorView.swift in Sources */,
				A10000000000000000000004 /* MarkdownPreview.swift in Sources */,
				A10000000000000000000005 /* FileWatcher.swift in Sources */,
				A10000000000000000000006 /* LayoutMode.swift in Sources */,
				A1000000000000000000000C /* Theme.swift in Sources */,
				A10000000000000000000011 /* PrintSupport.swift in Sources */,
				A10000000000000000000010 /* MarkdownHTML.swift in Sources */,
				A1000000000000000000000F /* MarkdownOutline.swift in Sources */,
				A1000000000000000000000E /* FindReplaceSupport.swift in Sources */,
				A1000000000000000000000D /* FindReplaceBar.swift in Sources */,
			);
			runOnlyForDeploymentPostprocessing = 0;
		};
/* End PBXSourcesBuildPhase section */

/* Begin XCBuildConfiguration section */
		A80000000000000000000010 /* Debug */ = {
			isa = XCBuildConfiguration;
			buildSettings = {
				ALWAYS_SEARCH_USER_PATHS = NO;
				ASSETCATALOG_COMPILER_GENERATE_SWIFT_ASSET_SYMBOL_EXTENSIONS = YES;
				CLANG_ENABLE_MODULES = YES;
				CLANG_ENABLE_OBJC_ARC = YES;
				COPY_PHASE_STRIP = NO;
				DEBUG_INFORMATION_FORMAT = dwarf;
				ENABLE_STRICT_OBJC_MSGSEND = YES;
				ENABLE_TESTABILITY = YES;
				GCC_DYNAMIC_NO_PIC = NO;
				GCC_OPTIMIZATION_LEVEL = 0;
				MACOSX_DEPLOYMENT_TARGET = 13.0;
				ONLY_ACTIVE_ARCH = YES;
				SDKROOT = macosx;
				SWIFT_ACTIVE_COMPILATION_CONDITIONS = "DEBUG $(inherited)";
				SWIFT_OPTIMIZATION_LEVEL = "-Onone";
			};
			name = Debug;
		};
		A80000000000000000000011 /* Release */ = {
			isa = XCBuildConfiguration;
			buildSettings = {
				ALWAYS_SEARCH_USER_PATHS = NO;
				ASSETCATALOG_COMPILER_GENERATE_SWIFT_ASSET_SYMBOL_EXTENSIONS = YES;
				CLANG_ENABLE_MODULES = YES;
				CLANG_ENABLE_OBJC_ARC = YES;
				COPY_PHASE_STRIP = NO;
				DEBUG_INFORMATION_FORMAT = "dwarf-with-dsym";
				ENABLE_NS_ASSERTIONS = NO;
				ENABLE_STRICT_OBJC_MSGSEND = YES;
				MACOSX_DEPLOYMENT_TARGET = 13.0;
				ONLY_ACTIVE_ARCH = NO;
				SDKROOT = macosx;
				SWIFT_COMPILATION_MODE = wholemodule;
			};
			name = Release;
		};
		A80000000000000000000012 /* Debug */ = {
			isa = XCBuildConfiguration;
			buildSettings = {
				ASSETCATALOG_COMPILER_APPICON_NAME = AppIcon;
				CODE_SIGN_ENTITLEMENTS = GruMD/GruMD.entitlements;
				CODE_SIGN_STYLE = Automatic;
				COMBINE_HIDPI_IMAGES = YES;
				CURRENT_PROJECT_VERSION = 6;
				DEVELOPMENT_TEAM = "";
				ENABLE_HARDENED_RUNTIME = YES;
				GENERATE_INFOPLIST_FILE = NO;
				INFOPLIST_FILE = GruMD/Info.plist;
				LD_RUNPATH_SEARCH_PATHS = (
					"$(inherited)",
					"@executable_path/../Frameworks",
				);
				MACOSX_DEPLOYMENT_TARGET = 13.0;
				MARKETING_VERSION = 1.3.0;
				PRODUCT_BUNDLE_IDENTIFIER = com.grumd.app;
				PRODUCT_NAME = "$(TARGET_NAME)";
				SWIFT_EMIT_LOC_STRINGS = YES;
				SWIFT_VERSION = 5.0;
			};
			name = Debug;
		};
		A80000000000000000000013 /* Release */ = {
			isa = XCBuildConfiguration;
			buildSettings = {
				ASSETCATALOG_COMPILER_APPICON_NAME = AppIcon;
				CODE_SIGN_ENTITLEMENTS = GruMD/GruMD.entitlements;
				CODE_SIGN_IDENTITY = "-";
				CODE_SIGN_STYLE = Manual;
				COMBINE_HIDPI_IMAGES = YES;
				CURRENT_PROJECT_VERSION = 6;
				DEVELOPMENT_TEAM = "";
				ENABLE_HARDENED_RUNTIME = YES;
				GENERATE_INFOPLIST_FILE = NO;
				INFOPLIST_FILE = GruMD/Info.plist;
				LD_RUNPATH_SEARCH_PATHS = (
					"$(inherited)",
					"@executable_path/../Frameworks",
				);
				MACOSX_DEPLOYMENT_TARGET = 13.0;
				MARKETING_VERSION = 1.3.0;
				PRODUCT_BUNDLE_IDENTIFIER = com.grumd.app;
				PRODUCT_NAME = "$(TARGET_NAME)";
				SWIFT_EMIT_LOC_STRINGS = YES;
				SWIFT_VERSION = 5.0;
			};
			name = Release;
		};
/* End XCBuildConfiguration section */

/* Begin XCConfigurationList section */
		A80000000000000000000001 /* Build configuration list for PBXProject "GruMD" */ = {
			isa = XCConfigurationList;
			buildConfigurations = (
				A80000000000000000000010 /* Debug */,
				A80000000000000000000011 /* Release */,
			);
			defaultConfigurationIsVisible = 0;
			defaultConfigurationName = Release;
		};
		A80000000000000000000003 /* Build configuration list for PBXNativeTarget "GruMD" */ = {
			isa = XCConfigurationList;
			buildConfigurations = (
				A80000000000000000000012 /* Debug */,
				A80000000000000000000013 /* Release */,
			);
			defaultConfigurationIsVisible = 0;
			defaultConfigurationName = Release;
		};
/* End XCConfigurationList section */
	};
	rootObject = A90000000000000000000001 /* Project object */;
}
